// !$*UTF8*$!
{
	archiveVersion = 1;
	classes = {
	};
	objectVersion = 46;
	objects = {

/* Begin PBXBuildFile section */
		1823BAA01CA8FAC2006EFA10 /* TravelFeedTableViewController.swift in Sources */ = {isa = PBXBuildFile; fileRef = 1823BA9F1CA8FAC2006EFA10 /* TravelFeedTableViewController.swift */; };
		1823BAA21CA90ACC006EFA10 /* TravelCellTableViewCell.swift in Sources */ = {isa = PBXBuildFile; fileRef = 1823BAA11CA90ACC006EFA10 /* TravelCellTableViewCell.swift */; };
		1823BAA61CAA2934006EFA10 /* AddTravelViewController.swift in Sources */ = {isa = PBXBuildFile; fileRef = 1823BAA51CAA2934006EFA10 /* AddTravelViewController.swift */; };
		1823BAA81CAA316F006EFA10 /* LoginViewController.swift in Sources */ = {isa = PBXBuildFile; fileRef = 1823BAA71CAA316F006EFA10 /* LoginViewController.swift */; };
		1823BAAC1CAA31AF006EFA10 /* Constant.swift in Sources */ = {isa = PBXBuildFile; fileRef = 1823BAA91CAA31AF006EFA10 /* Constant.swift */; };
		1823BAAD1CAA31AF006EFA10 /* CreateAccountViewController.swift in Sources */ = {isa = PBXBuildFile; fileRef = 1823BAAA1CAA31AF006EFA10 /* CreateAccountViewController.swift */; };
		1823BAAE1CAA31AF006EFA10 /* DateService.swift in Sources */ = {isa = PBXBuildFile; fileRef = 1823BAAB1CAA31AF006EFA10 /* DateService.swift */; };
		186454851CA28C4B00E3CC6F /* Firebase.framework in Frameworks */ = {isa = PBXBuildFile; fileRef = 186454841CA28C4B00E3CC6F /* Firebase.framework */; };
		186454871CA28C6000E3CC6F /* CFNetwork.framework in Frameworks */ = {isa = PBXBuildFile; fileRef = 186454861CA28C6000E3CC6F /* CFNetwork.framework */; };
		186454891CA28D7D00E3CC6F /* Security.framework in Frameworks */ = {isa = PBXBuildFile; fileRef = 186454881CA28D7D00E3CC6F /* Security.framework */; };
		1864548B1CA28D9500E3CC6F /* SystemConfiguration.framework in Frameworks */ = {isa = PBXBuildFile; fileRef = 1864548A1CA28D9500E3CC6F /* SystemConfiguration.framework */; };
		1864548D1CA28DB300E3CC6F /* libc++.tbd in Frameworks */ = {isa = PBXBuildFile; fileRef = 1864548C1CA28DB300E3CC6F /* libc++.tbd */; };
		1864548F1CA28DE500E3CC6F /* libicucore.tbd in Frameworks */ = {isa = PBXBuildFile; fileRef = 1864548E1CA28DE500E3CC6F /* libicucore.tbd */; };
		1864549C1CA3D8F000E3CC6F /* Travel.swift in Sources */ = {isa = PBXBuildFile; fileRef = 1864549B1CA3D8F000E3CC6F /* Travel.swift */; };
		18BF50EB1CA289D5005FC06B /* AppDelegate.swift in Sources */ = {isa = PBXBuildFile; fileRef = 18BF50EA1CA289D5005FC06B /* AppDelegate.swift */; };
		18BF50F01CA289D5005FC06B /* Main.storyboard in Resources */ = {isa = PBXBuildFile; fileRef = 18BF50EE1CA289D5005FC06B /* Main.storyboard */; };
		18BF50F31CA289D5005FC06B /* Logout.xcdatamodeld in Sources */ = {isa = PBXBuildFile; fileRef = 18BF50F11CA289D5005FC06B /* Logout.xcdatamodeld */; };
		18BF50F51CA289D5005FC06B /* Assets.xcassets in Resources */ = {isa = PBXBuildFile; fileRef = 18BF50F41CA289D5005FC06B /* Assets.xcassets */; };
		18BF50F81CA289D5005FC06B /* LaunchScreen.storyboard in Resources */ = {isa = PBXBuildFile; fileRef = 18BF50F61CA289D5005FC06B /* LaunchScreen.storyboard */; };
		2800D036973E8BA5553AFC3C /* Pods.framework in Frameworks */ = {isa = PBXBuildFile; fileRef = BBA21A22300AB8F73D3FAAD5 /* Pods.framework */; };
/* End PBXBuildFile section */

/* Begin PBXFileReference section */
		1823BA9F1CA8FAC2006EFA10 /* TravelFeedTableViewController.swift */ = {isa = PBXFileReference; fileEncoding = 4; lastKnownFileType = sourcecode.swift; path = TravelFeedTableViewController.swift; sourceTree = "<group>"; };
		1823BAA11CA90ACC006EFA10 /* TravelCellTableViewCell.swift */ = {isa = PBXFileReference; fileEncoding = 4; lastKnownFileType = sourcecode.swift; path = TravelCellTableViewCell.swift; sourceTree = "<group>"; };
		1823BAA51CAA2934006EFA10 /* AddTravelViewController.swift */ = {isa = PBXFileReference; fileEncoding = 4; lastKnownFileType = sourcecode.swift; path = AddTravelViewController.swift; sourceTree = "<group>"; };
		1823BAA71CAA316F006EFA10 /* LoginViewController.swift */ = {isa = PBXFileReference; fileEncoding = 4; lastKnownFileType = sourcecode.swift; path = LoginViewController.swift; sourceTree = "<group>"; };
		1823BAA91CAA31AF006EFA10 /* Constant.swift */ = {isa = PBXFileReference; fileEncoding = 4; lastKnownFileType = sourcecode.swift; path = Constant.swift; sourceTree = "<group>"; };
		1823BAAA1CAA31AF006EFA10 /* CreateAccountViewController.swift */ = {isa = PBXFileReference; fileEncoding = 4; lastKnownFileType = sourcecode.swift; path = CreateAccountViewController.swift; sourceTree = "<group>"; };
		1823BAAB1CAA31AF006EFA10 /* DateService.swift */ = {isa = PBXFileReference; fileEncoding = 4; lastKnownFileType = sourcecode.swift; path = DateService.swift; sourceTree = "<group>"; };
		186454841CA28C4B00E3CC6F /* Firebase.framework */ = {isa = PBXFileReference; lastKnownFileType = wrapper.framework; name = Firebase.framework; path = "Pods/../build/Debug-iphoneos/Firebase.framework"; sourceTree = "<group>"; };
		186454861CA28C6000E3CC6F /* CFNetwork.framework */ = {isa = PBXFileReference; lastKnownFileType = wrapper.framework; name = CFNetwork.framework; path = System/Library/Frameworks/CFNetwork.framework; sourceTree = SDKROOT; };
		186454881CA28D7D00E3CC6F /* Security.framework */ = {isa = PBXFileReference; lastKnownFileType = wrapper.framework; name = Security.framework; path = System/Library/Frameworks/Security.framework; sourceTree = SDKROOT; };
		1864548A1CA28D9500E3CC6F /* SystemConfiguration.framework */ = {isa = PBXFileReference; lastKnownFileType = wrapper.framework; name = SystemConfiguration.framework; path = System/Library/Frameworks/SystemConfiguration.framework; sourceTree = SDKROOT; };
		1864548C1CA28DB300E3CC6F /* libc++.tbd */ = {isa = PBXFileReference; lastKnownFileType = "sourcecode.text-based-dylib-definition"; name = "libc++.tbd"; path = "usr/lib/libc++.tbd"; sourceTree = SDKROOT; };
		1864548E1CA28DE500E3CC6F /* libicucore.tbd */ = {isa = PBXFileReference; lastKnownFileType = "sourcecode.text-based-dylib-definition"; name = libicucore.tbd; path = usr/lib/libicucore.tbd; sourceTree = SDKROOT; };
		186454901CA28E7800E3CC6F /* Logout-Bridging-Header.h */ = {isa = PBXFileReference; lastKnownFileType = sourcecode.c.h; path = "Logout-Bridging-Header.h"; sourceTree = "<group>"; };
		1864549B1CA3D8F000E3CC6F /* Travel.swift */ = {isa = PBXFileReference; fileEncoding = 4; lastKnownFileType = sourcecode.swift; path = Travel.swift; sourceTree = "<group>"; };
		18BF50E71CA289D5005FC06B /* Logout.app */ = {isa = PBXFileReference; explicitFileType = wrapper.application; includeInIndex = 0; path = Logout.app; sourceTree = BUILT_PRODUCTS_DIR; };
		18BF50EA1CA289D5005FC06B /* AppDelegate.swift */ = {isa = PBXFileReference; lastKnownFileType = sourcecode.swift; path = AppDelegate.swift; sourceTree = "<group>"; };
		18BF50EF1CA289D5005FC06B /* Base */ = {isa = PBXFileReference; lastKnownFileType = file.storyboard; name = Base; path = Base.lproj/Main.storyboard; sourceTree = "<group>"; };
		18BF50F21CA289D5005FC06B /* Logout.xcdatamodel */ = {isa = PBXFileReference; lastKnownFileType = wrapper.xcdatamodel; path = Logout.xcdatamodel; sourceTree = "<group>"; };
		18BF50F41CA289D5005FC06B /* Assets.xcassets */ = {isa = PBXFileReference; lastKnownFileType = folder.assetcatalog; path = Assets.xcassets; sourceTree = "<group>"; };
		18BF50F71CA289D5005FC06B /* Base */ = {isa = PBXFileReference; lastKnownFileType = file.storyboard; name = Base; path = Base.lproj/LaunchScreen.storyboard; sourceTree = "<group>"; };
		18BF50F91CA289D5005FC06B /* Info.plist */ = {isa = PBXFileReference; lastKnownFileType = text.plist.xml; path = Info.plist; sourceTree = "<group>"; };
		3E80195FF6810CE293BE762D /* Pods.release.xcconfig */ = {isa = PBXFileReference; includeInIndex = 1; lastKnownFileType = text.xcconfig; name = Pods.release.xcconfig; path = "Pods/Target Support Files/Pods/Pods.release.xcconfig"; sourceTree = "<group>"; };
		B7C0B0EE6BF7DAD78A5E79AF /* Pods.debug.xcconfig */ = {isa = PBXFileReference; includeInIndex = 1; lastKnownFileType = text.xcconfig; name = Pods.debug.xcconfig; path = "Pods/Target Support Files/Pods/Pods.debug.xcconfig"; sourceTree = "<group>"; };
		BBA21A22300AB8F73D3FAAD5 /* Pods.framework */ = {isa = PBXFileReference; explicitFileType = wrapper.framework; includeInIndex = 0; path = Pods.framework; sourceTree = BUILT_PRODUCTS_DIR; };
/* End PBXFileReference section */

/* Begin PBXFrameworksBuildPhase section */
		18BF50E41CA289D5005FC06B /* Frameworks */ = {
			isa = PBXFrameworksBuildPhase;
			buildActionMask = 2147483647;
			files = (
				1864548F1CA28DE500E3CC6F /* libicucore.tbd in Frameworks */,
				1864548D1CA28DB300E3CC6F /* libc++.tbd in Frameworks */,
				1864548B1CA28D9500E3CC6F /* SystemConfiguration.framework in Frameworks */,
				186454891CA28D7D00E3CC6F /* Security.framework in Frameworks */,
				186454871CA28C6000E3CC6F /* CFNetwork.framework in Frameworks */,
				186454851CA28C4B00E3CC6F /* Firebase.framework in Frameworks */,
				2800D036973E8BA5553AFC3C /* Pods.framework in Frameworks */,
			);
			runOnlyForDeploymentPostprocessing = 0;
		};
/* End PBXFrameworksBuildPhase section */

/* Begin PBXGroup section */
		18BF50DE1CA289D5005FC06B = {
			isa = PBXGroup;
			children = (
				18BF50E91CA289D5005FC06B /* Logout */,
				18BF50E81CA289D5005FC06B /* Products */,
				3F9D36040EE678A00F09F6E5 /* Pods */,
				A2BB7311303ED1AD3206CBE5 /* Frameworks */,
			);
			sourceTree = "<group>";
		};
		18BF50E81CA289D5005FC06B /* Products */ = {
			isa = PBXGroup;
			children = (
				18BF50E71CA289D5005FC06B /* Logout.app */,
			);
			name = Products;
			sourceTree = "<group>";
		};
		18BF50E91CA289D5005FC06B /* Logout */ = {
			isa = PBXGroup;
			children = (
				1823BAA91CAA31AF006EFA10 /* Constant.swift */,
				1823BAAA1CAA31AF006EFA10 /* CreateAccountViewController.swift */,
				1823BAAB1CAA31AF006EFA10 /* DateService.swift */,
				1823BAA71CAA316F006EFA10 /* LoginViewController.swift */,
				18BF50EA1CA289D5005FC06B /* AppDelegate.swift */,
				18BF50EE1CA289D5005FC06B /* Main.storyboard */,
				1864549B1CA3D8F000E3CC6F /* Travel.swift */,
				1823BA9F1CA8FAC2006EFA10 /* TravelFeedTableViewController.swift */,
				1823BAA51CAA2934006EFA10 /* AddTravelViewController.swift */,
				1823BAA11CA90ACC006EFA10 /* TravelCellTableViewCell.swift */,
				18BF50F41CA289D5005FC06B /* Assets.xcassets */,
				18BF50F61CA289D5005FC06B /* LaunchScreen.storyboard */,
				18BF50F91CA289D5005FC06B /* Info.plist */,
				18BF50F11CA289D5005FC06B /* Logout.xcdatamodeld */,
				186454901CA28E7800E3CC6F /* Logout-Bridging-Header.h */,
			);
			path = Logout;
			sourceTree = "<group>";
		};
		3F9D36040EE678A00F09F6E5 /* Pods */ = {
			isa = PBXGroup;
			children = (
				B7C0B0EE6BF7DAD78A5E79AF /* Pods.debug.xcconfig */,
				3E80195FF6810CE293BE762D /* Pods.release.xcconfig */,
			);
			name = Pods;
			sourceTree = "<group>";
		};
		A2BB7311303ED1AD3206CBE5 /* Frameworks */ = {
			isa = PBXGroup;
			children = (
				1864548E1CA28DE500E3CC6F /* libicucore.tbd */,
				1864548C1CA28DB300E3CC6F /* libc++.tbd */,
				1864548A1CA28D9500E3CC6F /* SystemConfiguration.framework */,
				186454881CA28D7D00E3CC6F /* Security.framework */,
				186454861CA28C6000E3CC6F /* CFNetwork.framework */,
				186454841CA28C4B00E3CC6F /* Firebase.framework */,
				BBA21A22300AB8F73D3FAAD5 /* Pods.framework */,
			);
			name = Frameworks;
			sourceTree = "<group>";
		};
/* End PBXGroup section */

/* Begin PBXNativeTarget section */
		18BF50E61CA289D5005FC06B /* Logout */ = {
			isa = PBXNativeTarget;
			buildConfigurationList = 18BF50FC1CA289D5005FC06B /* Build configuration list for PBXNativeTarget "Logout" */;
			buildPhases = (
				C3C8E1D2EDE7AE970C9A8489 /* Check Pods Manifest.lock */,
				18BF50E31CA289D5005FC06B /* Sources */,
				18BF50E41CA289D5005FC06B /* Frameworks */,
				18BF50E51CA289D5005FC06B /* Resources */,
				4C13FA2461AD72897255BCD4 /* Embed Pods Frameworks */,
				33BD17F04939A36B56C3EDCD /* Copy Pods Resources */,
			);
			buildRules = (
			);
			dependencies = (
			);
			name = Logout;
			productName = Logout;
			productReference = 18BF50E71CA289D5005FC06B /* Logout.app */;
			productType = "com.apple.product-type.application";
		};
/* End PBXNativeTarget section */

/* Begin PBXProject section */
		18BF50DF1CA289D5005FC06B /* Project object */ = {
			isa = PBXProject;
			attributes = {
				LastSwiftUpdateCheck = 0720;
				LastUpgradeCheck = 0720;
				ORGANIZATIONNAME = "Johnny' mac";
				TargetAttributes = {
					18BF50E61CA289D5005FC06B = {
						CreatedOnToolsVersion = 7.2.1;
						DevelopmentTeam = V333C96V2N;
					};
				};
			};
			buildConfigurationList = 18BF50E21CA289D5005FC06B /* Build configuration list for PBXProject "Logout" */;
			compatibilityVersion = "Xcode 3.2";
			developmentRegion = English;
			hasScannedForEncodings = 0;
			knownRegions = (
				en,
				Base,
			);
			mainGroup = 18BF50DE1CA289D5005FC06B;
			productRefGroup = 18BF50E81CA289D5005FC06B /* Products */;
			projectDirPath = "";
			projectRoot = "";
			targets = (
				18BF50E61CA289D5005FC06B /* Logout */,
			);
		};
/* End PBXProject section */

/* Begin PBXResourcesBuildPhase section */
		18BF50E51CA289D5005FC06B /* Resources */ = {
			isa = PBXResourcesBuildPhase;
			buildActionMask = 2147483647;
			files = (
				18BF50F81CA289D5005FC06B /* LaunchScreen.storyboard in Resources */,
				18BF50F51CA289D5005FC06B /* Assets.xcassets in Resources */,
				18BF50F01CA289D5005FC06B /* Main.storyboard in Resources */,
			);
			runOnlyForDeploymentPostprocessing = 0;
		};
/* End PBXResourcesBuildPhase section */

/* Begin PBXShellScriptBuildPhase section */
		33BD17F04939A36B56C3EDCD /* Copy Pods Resources */ = {
			isa = PBXShellScriptBuildPhase;
			buildActionMask = 2147483647;
			files = (
			);
			inputPaths = (
			);
			name = "Copy Pods Resources";
			outputPaths = (
			);
			runOnlyForDeploymentPostprocessing = 0;
			shellPath = /bin/sh;
			shellScript = "\"${SRCROOT}/Pods/Target Support Files/Pods/Pods-resources.sh\"\n";
			showEnvVarsInLog = 0;
		};
		4C13FA2461AD72897255BCD4 /* Embed Pods Frameworks */ = {
			isa = PBXShellScriptBuildPhase;
			buildActionMask = 2147483647;
			files = (
			);
			inputPaths = (
			);
			name = "Embed Pods Frameworks";
			outputPaths = (
			);
			runOnlyForDeploymentPostprocessing = 0;
			shellPath = /bin/sh;
			shellScript = "\"${SRCROOT}/Pods/Target Support Files/Pods/Pods-frameworks.sh\"\n";
			showEnvVarsInLog = 0;
		};
		C3C8E1D2EDE7AE970C9A8489 /* Check Pods Manifest.lock */ = {
			isa = PBXShellScriptBuildPhase;
			buildActionMask = 2147483647;
			files = (
			);
			inputPaths = (
			);
			name = "Check Pods Manifest.lock";
			outputPaths = (
			);
			runOnlyForDeploymentPostprocessing = 0;
			shellPath = /bin/sh;
			shellScript = "diff \"${PODS_ROOT}/../Podfile.lock\" \"${PODS_ROOT}/Manifest.lock\" > /dev/null\nif [[ $? != 0 ]] ; then\n    cat << EOM\nerror: The sandbox is not in sync with the Podfile.lock. Run 'pod install' or update your CocoaPods installation.\nEOM\n    exit 1\nfi\n";
			showEnvVarsInLog = 0;
		};
/* End PBXShellScriptBuildPhase section */

/* Begin PBXSourcesBuildPhase section */
		18BF50E31CA289D5005FC06B /* Sources */ = {
			isa = PBXSourcesBuildPhase;
			buildActionMask = 2147483647;
			files = (
				1823BAA01CA8FAC2006EFA10 /* TravelFeedTableViewController.swift in Sources */,
				18BF50F31CA289D5005FC06B /* Logout.xcdatamodeld in Sources */,
				1864549C1CA3D8F000E3CC6F /* Travel.swift in Sources */,
				1823BAAC1CAA31AF006EFA10 /* Constant.swift in Sources */,
				18BF50EB1CA289D5005FC06B /* AppDelegate.swift in Sources */,
				1823BAA61CAA2934006EFA10 /* AddTravelViewController.swift in Sources */,
				1823BAAD1CAA31AF006EFA10 /* CreateAccountViewController.swift in Sources */,
				1823BAA81CAA316F006EFA10 /* LoginViewController.swift in Sources */,
				1823BAA21CA90ACC006EFA10 /* TravelCellTableViewCell.swift in Sources */,
				1823BAAE1CAA31AF006EFA10 /* DateService.swift in Sources */,
			);
			runOnlyForDeploymentPostprocessing = 0;
		};
/* End PBXSourcesBuildPhase section */

/* Begin PBXVariantGroup section */
		18BF50EE1CA289D5005FC06B /* Main.storyboard */ = {
			isa = PBXVariantGroup;
			children = (
				18BF50EF1CA289D5005FC06B /* Base */,
			);
			name = Main.storyboard;
			sourceTree = "<group>";
		};
		18BF50F61CA289D5005FC06B /* LaunchScreen.storyboard */ = {
			isa = PBXVariantGroup;
			children = (
				18BF50F71CA289D5005FC06B /* Base */,
			);
			name = LaunchScreen.storyboard;
			sourceTree = "<group>";
		};
/* End PBXVariantGroup section */

/* Begin XCBuildConfiguration section */
		18BF50FA1CA289D5005FC06B /* Debug */ = {
			isa = XCBuildConfiguration;
			buildSettings = {
				ALWAYS_SEARCH_USER_PATHS = NO;
				CLANG_CXX_LANGUAGE_STANDARD = "gnu++0x";
				CLANG_CXX_LIBRARY = "libc++";
				CLANG_ENABLE_MODULES = YES;
				CLANG_ENABLE_OBJC_ARC = YES;
				CLANG_WARN_BOOL_CONVERSION = YES;
				CLANG_WARN_CONSTANT_CONVERSION = YES;
				CLANG_WARN_DIRECT_OBJC_ISA_USAGE = YES_ERROR;
				CLANG_WARN_EMPTY_BODY = YES;
				CLANG_WARN_ENUM_CONVERSION = YES;
				CLANG_WARN_INT_CONVERSION = YES;
				CLANG_WARN_OBJC_ROOT_CLASS = YES_ERROR;
				CLANG_WARN_UNREACHABLE_CODE = YES;
				CLANG_WARN__DUPLICATE_METHOD_MATCH = YES;
				"CODE_SIGN_IDENTITY[sdk=iphoneos*]" = "iPhone Developer";
				COPY_PHASE_STRIP = NO;
				DEBUG_INFORMATION_FORMAT = dwarf;
				ENABLE_STRICT_OBJC_MSGSEND = YES;
				ENABLE_TESTABILITY = YES;
				GCC_C_LANGUAGE_STANDARD = gnu99;
				GCC_DYNAMIC_NO_PIC = NO;
				GCC_NO_COMMON_BLOCKS = YES;
				GCC_OPTIMIZATION_LEVEL = 0;
				GCC_PREPROCESSOR_DEFINITIONS = (
					"DEBUG=1",
					"$(inherited)",
				);
				GCC_WARN_64_TO_32_BIT_CONVERSION = YES;
				GCC_WARN_ABOUT_RETURN_TYPE = YES_ERROR;
				GCC_WARN_UNDECLARED_SELECTOR = YES;
				GCC_WARN_UNINITIALIZED_AUTOS = YES_AGGRESSIVE;
				GCC_WARN_UNUSED_FUNCTION = YES;
				GCC_WARN_UNUSED_VARIABLE = YES;
				IPHONEOS_DEPLOYMENT_TARGET = 9.2;
				MTL_ENABLE_DEBUG_INFO = YES;
				ONLY_ACTIVE_ARCH = YES;
				SDKROOT = iphoneos;
				SWIFT_OPTIMIZATION_LEVEL = "-Onone";
			};
			name = Debug;
		};
		18BF50FB1CA289D5005FC06B /* Release */ = {
			isa = XCBuildConfiguration;
			buildSettings = {
				ALWAYS_SEARCH_USER_PATHS = NO;
				CLANG_CXX_LANGUAGE_STANDARD = "gnu++0x";
				CLANG_CXX_LIBRARY = "libc++";
				CLANG_ENABLE_MODULES = YES;
				CLANG_ENABLE_OBJC_ARC = YES;
				CLANG_WARN_BOOL_CONVERSION = YES;
				CLANG_WARN_CONSTANT_CONVERSION = YES;
				CLANG_WARN_DIRECT_OBJC_ISA_USAGE = YES_ERROR;
				CLANG_WARN_EMPTY_BODY = YES;
				CLANG_WARN_ENUM_CONVERSION = YES;
				CLANG_WARN_INT_CONVERSION = YES;
				CLANG_WARN_OBJC_ROOT_CLASS = YES_ERROR;
				CLANG_WARN_UNREACHABLE_CODE = YES;
				CLANG_WARN__DUPLICATE_METHOD_MATCH = YES;
				"CODE_SIGN_IDENTITY[sdk=iphoneos*]" = "iPhone Developer";
				COPY_PHASE_STRIP = NO;
				DEBUG_INFORMATION_FORMAT = "dwarf-with-dsym";
				ENABLE_NS_ASSERTIONS = NO;
				ENABLE_STRICT_OBJC_MSGSEND = YES;
				GCC_C_LANGUAGE_STANDARD = gnu99;
				GCC_NO_COMMON_BLOCKS = YES;
				GCC_WARN_64_TO_32_BIT_CONVERSION = YES;
				GCC_WARN_ABOUT_RETURN_TYPE = YES_ERROR;
				GCC_WARN_UNDECLARED_SELECTOR = YES;
				GCC_WARN_UNINITIALIZED_AUTOS = YES_AGGRESSIVE;
				GCC_WARN_UNUSED_FUNCTION = YES;
				GCC_WARN_UNUSED_VARIABLE = YES;
				IPHONEOS_DEPLOYMENT_TARGET = 9.2;
				MTL_ENABLE_DEBUG_INFO = NO;
				SDKROOT = iphoneos;
				VALIDATE_PRODUCT = YES;
			};
			name = Release;
		};
		18BF50FD1CA289D5005FC06B /* Debug */ = {
			isa = XCBuildConfiguration;
			baseConfigurationReference = B7C0B0EE6BF7DAD78A5E79AF /* Pods.debug.xcconfig */;
			buildSettings = {
				ASSETCATALOG_COMPILER_APPICON_NAME = AppIcon;
				CLANG_ENABLE_MODULES = YES;
				FRAMEWORK_SEARCH_PATHS = (
					"$(inherited)",
					"$(PROJECT_DIR)/build/Debug-iphoneos",
				);
				INFOPLIST_FILE = Logout/Info.plist;
				LD_RUNPATH_SEARCH_PATHS = "$(inherited) @executable_path/Frameworks";
				PRODUCT_BUNDLE_IDENTIFIER = JohnnyHsieh.Logout;
				PRODUCT_NAME = "$(TARGET_NAME)";
				SWIFT_OBJC_BRIDGING_HEADER = "Logout/Logout-Bridging-Header.h";
				SWIFT_OPTIMIZATION_LEVEL = "-Onone";
			};
			name = Debug;
		};
		18BF50FE1CA289D5005FC06B /* Release */ = {
			isa = XCBuildConfiguration;
			baseConfigurationReference = 3E80195FF6810CE293BE762D /* Pods.release.xcconfig */;
			buildSettings = {
				ASSETCATALOG_COMPILER_APPICON_NAME = AppIcon;
				CLANG_ENABLE_MODULES = YES;
				FRAMEWORK_SEARCH_PATHS = (
					"$(inherited)",
					"$(PROJECT_DIR)/build/Debug-iphoneos",
				);
				INFOPLIST_FILE = Logout/Info.plist;
				LD_RUNPATH_SEARCH_PATHS = "$(inherited) @executable_path/Frameworks";
				PRODUCT_BUNDLE_IDENTIFIER = JohnnyHsieh.Logout;
				PRODUCT_NAME = "$(TARGET_NAME)";
				SWIFT_OBJC_BRIDGING_HEADER = "Logout/Logout-Bridging-Header.h";
			};
			name = Release;
		};
/* End XCBuildConfiguration section */

/* Begin XCConfigurationList section */
		18BF50E21CA289D5005FC06B /* Build configuration list for PBXProject "Logout" */ = {
			isa = XCConfigurationList;
			buildConfigurations = (
				18BF50FA1CA289D5005FC06B /* Debug */,
				18BF50FB1CA289D5005FC06B /* Release */,
			);
			defaultConfigurationIsVisible = 0;
			defaultConfigurationName = Release;
		};
		18BF50FC1CA289D5005FC06B /* Build configuration list for PBXNativeTarget "Logout" */ = {
			isa = XCConfigurationList;
			buildConfigurations = (
				18BF50FD1CA289D5005FC06B /* Debug */,
				18BF50FE1CA289D5005FC06B /* Release */,
			);
			defaultConfigurationIsVisible = 0;
			defaultConfigurationName = Release;
		};
/* End XCConfigurationList section */

/* Begin XCVersionGroup section */
		18BF50F11CA289D5005FC06B /* Logout.xcdatamodeld */ = {
			isa = XCVersionGroup;
			children = (
				18BF50F21CA289D5005FC06B /* Logout.xcdatamodel */,
			);
			currentVersion = 18BF50F21CA289D5005FC06B /* Logout.xcdatamodel */;
			path = Logout.xcdatamodeld;
			sourceTree = "<group>";
			versionGroupType = wrapper.xcdatamodel;
		};
/* End XCVersionGroup section */
	};
	rootObject = 18BF50DF1CA289D5005FC06B /* Project object */;
}
